
Microsoft Visual Studio Solution File, Format Version 12.00
# Visual Studio Version 17
VisualStudioVersion = 17.7.34202.233
MinimumVisualStudioVersion = 10.0.40219.1
Project("{9A19103F-16F7-4668-BE54-9A1E7A4F7556}") = "Domiki.Web", "Domiki\Domiki.Web.csproj", "{2604513B-C028-40D2-BA1E-E350FFBEFD24}"
EndProject
Project("{FAE04EC0-301F-11D3-BF4B-00C04F79EFBC}") = "Domiki.Web.Tests", "Domiki.Web.Tests\Domiki.Web.Tests.csproj", "{D91677E3-DE98-440C-9476-25171C615DCD}"
EndProject
Project("{9A19103F-16F7-4668-BE54-9A1E3D5A13E3}") = "Domiki.BalanceSim", "Domiki.BalanceSim\Domiki.BalanceSim.csproj", "{B4A034E1-48E1-4F63-92C4-B8371E9BEBE1}"
EndProject
Global
	GlobalSection(SolutionConfigurationPlatforms) = preSolution
		Debug|Any CPU = Debug|Any CPU
		Release|Any CPU = Release|Any CPU
	EndGlobalSection
	GlobalSection(ProjectConfigurationPlatforms) = postSolution
		{2604513B-C028-40D2-BA1E-E350FFBEFD24}.Debug|Any CPU.ActiveCfg = Debug|Any CPU
		{2604513B-C028-40D2-BA1E-E350FFBEFD24}.Debug|Any CPU.Build.0 = Debug|Any CPU
		{2604513B-C028-40D2-BA1E-E350FFBEFD24}.Release|Any CPU.ActiveCfg = Release|Any CPU
		{2604513B-C028-40D2-BA1E-E350FFBEFD24}.Release|Any CPU.Build.0 = Release|Any CPU
		{D91677E3-DE98-440C-9476-25171C615DCD}.Debug|Any CPU.ActiveCfg = Debug|Any CPU
		{D91677E3-DE98-440C-9476-25171C615DCD}.Debug|Any CPU.Build.0 = Debug|Any CPU
		{D91677E3-DE98-440C-9476-25171C615DCD}.Release|Any CPU.ActiveCfg = Release|Any CPU
		{D91677E3-DE98-440C-9476-25171C615DCD}.Release|Any CPU.Build.0 = Release|Any CPU
		{B4A034E1-48E1-4F63-92C4-B8371E9BEBE1}.Debug|Any CPU.ActiveCfg = Debug|Any CPU
		{B4A034E1-48E1-4F63-92C4-B8371E9BEBE1}.Debug|Any CPU.Build.0 = Debug|Any CPU
		{B4A034E1-48E1-4F63-92C4-B8371E9BEBE1}.Release|Any CPU.ActiveCfg = Release|Any CPU
		{B4A034E1-48E1-4F63-92C4-B8371E9BEBE1}.Release|Any CPU.Build.0 = Release|Any CPU
	EndGlobalSection
	GlobalSection(SolutionProperties) = preSolution
		HideSolutionNode = FALSE
	EndGlobalSection
	GlobalSection(ExtensibilityGlobals) = postSolution
		SolutionGuid = {A0283F20-3A47-4C3C-B3A3-900408D6E898}
	EndGlobalSection
EndGlobal
